{
  "name": "file-upload",
  "version": "0.0.1",
  "lockfileVersion": 1,
  "requires": true,
  "dependencies": {
    "@stencil/core": {
      "version": "2.22.2",
      "resolved": "https://registry.npmjs.org/@stencil/core/-/core-2.22.2.tgz",
      "integrity": "sha512-r+vbxsGNcBaV1VDOYW25lv4QfXTlNoIb5GpUX7rZ+cr59yqYCZC5tlV+IzX6YgHKW62ulCc9M3RYtTfHtNbNNw=="
    },
    "@stencil/router": {
      "version": "0.3.1",
      "resolved": "https://registry.npmjs.org/@stencil/router/-/router-0.3.1.tgz",
      "integrity": "sha512-FytA0vLV2+8cGrzqxRltjMycK3T5UNRo1p6ii948RFbRy2AEqe+Zzr7GQOK2cbDPZu6X3fZbLfhiZyK5hGgyIw==",
      "requires": {
        "@stencil/state-tunnel": "0.0.9-1"
      }
    },
    "@stencil/state-tunnel": {
      "version": "0.0.9-1",
      "resolved": "https://registry.npmjs.org/@stencil/state-tunnel/-/state-tunnel-0.0.9-1.tgz",
      "integrity": "sha512-Dn04TXjwM+H+1HB6R5B9WwLOKTq/kT/YIwGtAAxiAwYFCugiSWZuE2vf3I8dkCLlEetib5/QAz9MYJ4H4BRKZg=="
    }
  }
}
