{
  "name": "file-upload",
  "version": "0.0.1",
  "lockfileVersion": 1,
  "requires": true,
  "dependencies": {
    "@stencil/core": {
      "version": "2.22.1",
      "resolved": "https://registry.npmjs.org/@stencil/core/-/core-2.22.1.tgz",
      "integrity": "sha512-L4EsWLXYkg24BfrR3aS1df3BSkH0RFyza+Tu84MaYoF2csiKTJxDTZuFHSnJeF8UdgzV7CBfnsIEV6r3s0+h3g=="
    },
    "@stencil/router": {
      "version": "0.3.1",
      "resolved": "https://registry.npmjs.org/@stencil/router/-/router-0.3.1.tgz",
      "integrity": "sha512-FytA0vLV2+8cGrzqxRltjMycK3T5UNRo1p6ii948RFbRy2AEqe+Zzr7GQOK2cbDPZu6X3fZbLfhiZyK5hGgyIw==",
      "requires": {
        "@stencil/state-tunnel": "0.0.9-1"
      }
    },
    "@stencil/state-tunnel": {
      "version": "0.0.9-1",
      "resolved": "https://registry.npmjs.org/@stencil/state-tunnel/-/state-tunnel-0.0.9-1.tgz",
      "integrity": "sha512-Dn04TXjwM+H+1HB6R5B9WwLOKTq/kT/YIwGtAAxiAwYFCugiSWZuE2vf3I8dkCLlEetib5/QAz9MYJ4H4BRKZg=="
    }
  }
}
